
Microsoft Visual Studio Solution File, Format Version 12.00
# Visual Studio Version 17
VisualStudioVersion = 17.0.31903.59
MinimumVisualStudioVersion = 10.0.40219.1
Project("{2150E333-8FDC-42A3-9474-1A3956D46DE8}") = "Frontend", "Frontend", "{D9DC4AA4-C5DB-46A2-B44D-9E96DBC3815F}"
EndProject
Project("{2150E333-8FDC-42A3-9474-1A3956D46DE8}") = "Api", "Api", "{C060B655-3247-4113-99E3-968194CEE211}"
EndProject
Project("{2150E333-8FDC-42A3-9474-1A3956D46DE8}") = "Worker", "Worker", "{2FDF4D11-9072-4050-B2B8-C38EE1311170}"
EndProject
Project("{2150E333-8FDC-42A3-9474-1A3956D46DE8}") = "Data", "Data", "{516F4C31-7644-4358-BA2C-B279C8365709}"
EndProject
Project("{2150E333-8FDC-42A3-9474-1A3956D46DE8}") = "Shared", "Shared", "{433D7E74-8CA5-4750-BBBB-540E2538D120}"
EndProject
Project("{9A19103F-16F7-4668-BE54-9A1E7A4F7556}") = "Api", "src\Api\Api.csproj", "{3617DAD0-C90D-49EC-B542-4719F70EC9CC}"
EndProject
Project("{9A19103F-16F7-4668-BE54-9A1E7A4F7556}") = "Api.Abstractions", "src\Api.Abstractions\Api.Abstractions.csproj", "{05DB864B-8F9D-4EA0-9ED0-B9207ED7789A}"
EndProject
Project("{9A19103F-16F7-4668-BE54-9A1E7A4F7556}") = "Api.Dto", "src\Api.Dto\Api.Dto.csproj", "{3B180903-F8B2-484F-AD4E-D5D2F591630C}"
EndProject
Project("{9A19103F-16F7-4668-BE54-9A1E7A4F7556}") = "Api.Services", "src\Api.Services\Api.Services.csproj", "{BB6D9432-FD6F-4927-972E-46C7CBFFA4AA}"
EndProject
Project("{9A19103F-16F7-4668-BE54-9A1E7A4F7556}") = "Data", "src\Data\Data.csproj", "{31FC408D-B1A9-43DE-83FF-088E3D7DD251}"
EndProject
Project("{9A19103F-16F7-4668-BE54-9A1E7A4F7556}") = "Data.Dto", "src\Data.Dto\Data.Dto.csproj", "{5D97AB16-609C-4439-85C0-9581AFE672E8}"
EndProject
Project("{9A19103F-16F7-4668-BE54-9A1E7A4F7556}") = "Frontend", "src\Frontend\Frontend.csproj", "{D74A1AD0-1809-4D99-822B-A89D91059EC2}"
EndProject
Project("{9A19103F-16F7-4668-BE54-9A1E7A4F7556}") = "Worker", "src\Worker\Worker.csproj", "{585D438C-1D49-446D-8C93-515998C66691}"
EndProject
Project("{9A19103F-16F7-4668-BE54-9A1E7A4F7556}") = "Worker.Abstractions", "src\Worker.Abstractions\Worker.Abstractions.csproj", "{16730CBE-7611-4069-9472-11EFF939BA6F}"
EndProject
Project("{9A19103F-16F7-4668-BE54-9A1E7A4F7556}") = "Worker.Dto", "src\Worker.Dto\Worker.Dto.csproj", "{5F3FE546-BD66-4714-AAFF-E61204031377}"
EndProject
Project("{9A19103F-16F7-4668-BE54-9A1E7A4F7556}") = "Worker.Services", "src\Worker.Services\Worker.Services.csproj", "{16FFD935-3855-4AA0-90B1-B583C9DBAF77}"
EndProject
Project("{2150E333-8FDC-42A3-9474-1A3956D46DE8}") = "Infrastructure", "Infrastructure", "{25DBDAFA-3253-4667-B3EC-398B1024D274}"
EndProject
Project("{9A19103F-16F7-4668-BE54-9A1E7A4F7556}") = "Infrastructure", "src\Infrastructure\Infrastructure.csproj", "{9EC6CB57-DFC5-4C27-94B7-F471B621A340}"
EndProject
Project("{9A19103F-16F7-4668-BE54-9A1E7A4F7556}") = "Infrastructure.Test", "test\Infrastructure.Test\Infrastructure.Test.csproj", "{F53D1500-0212-471B-AE5D-C172C9D2EFFF}"
EndProject
Project("{9A19103F-16F7-4668-BE54-9A1E7A4F7556}") = "Frontend.Test", "test\Frontend.Test\Frontend.Test.csproj", "{7D4783DA-F161-4080-A9F5-CBA00D061D57}"
EndProject
Project("{9A19103F-16F7-4668-BE54-9A1E7A4F7556}") = "Data.Test", "test\Data.Test\Data.Test.csproj", "{08FE3D3F-4CFB-4C1C-9548-386260E34AC5}"
EndProject
Project("{9A19103F-16F7-4668-BE54-9A1E7A4F7556}") = "Api.Test", "test\Api.Test\Api.Test.csproj", "{56D4FADF-49F4-4A7E-B332-B89E3872106A}"
EndProject
Project("{9A19103F-16F7-4668-BE54-9A1E7A4F7556}") = "Shared.Test", "test\Shared.Test\Shared.Test.csproj", "{D9C20146-BB73-44A7-A317-477A39FBB30B}"
EndProject
Project("{9A19103F-16F7-4668-BE54-9A1E7A4F7556}") = "Worker.Test", "test\Worker.Test\Worker.Test.csproj", "{0C890DFC-1AF0-4C43-9A2E-A90CDB087B7C}"
EndProject
Project("{9A19103F-16F7-4668-BE54-9A1E7A4F7556}") = "E2E.Test", "test\E2E.Test\E2E.Test.csproj", "{1FE6B822-B292-4638-A0C9-F4E2DE9D2E26}"
EndProject
Global
	GlobalSection(SolutionConfigurationPlatforms) = preSolution
		Debug|Any CPU = Debug|Any CPU
		Release|Any CPU = Release|Any CPU
	EndGlobalSection
	GlobalSection(ProjectConfigurationPlatforms) = postSolution
		{3617DAD0-C90D-49EC-B542-4719F70EC9CC}.Debug|Any CPU.ActiveCfg = Debug|Any CPU
		{3617DAD0-C90D-49EC-B542-4719F70EC9CC}.Debug|Any CPU.Build.0 = Debug|Any CPU
		{3617DAD0-C90D-49EC-B542-4719F70EC9CC}.Release|Any CPU.ActiveCfg = Release|Any CPU
		{3617DAD0-C90D-49EC-B542-4719F70EC9CC}.Release|Any CPU.Build.0 = Release|Any CPU
		{05DB864B-8F9D-4EA0-9ED0-B9207ED7789A}.Debug|Any CPU.ActiveCfg = Debug|Any CPU
		{05DB864B-8F9D-4EA0-9ED0-B9207ED7789A}.Debug|Any CPU.Build.0 = Debug|Any CPU
		{05DB864B-8F9D-4EA0-9ED0-B9207ED7789A}.Release|Any CPU.ActiveCfg = Release|Any CPU
		{05DB864B-8F9D-4EA0-9ED0-B9207ED7789A}.Release|Any CPU.Build.0 = Release|Any CPU
		{3B180903-F8B2-484F-AD4E-D5D2F591630C}.Debug|Any CPU.ActiveCfg = Debug|Any CPU
		{3B180903-F8B2-484F-AD4E-D5D2F591630C}.Debug|Any CPU.Build.0 = Debug|Any CPU
		{3B180903-F8B2-484F-AD4E-D5D2F591630C}.Release|Any CPU.ActiveCfg = Release|Any CPU
		{3B180903-F8B2-484F-AD4E-D5D2F591630C}.Release|Any CPU.Build.0 = Release|Any CPU
		{BB6D9432-FD6F-4927-972E-46C7CBFFA4AA}.Debug|Any CPU.ActiveCfg = Debug|Any CPU
		{BB6D9432-FD6F-4927-972E-46C7CBFFA4AA}.Debug|Any CPU.Build.0 = Debug|Any CPU
		{BB6D9432-FD6F-4927-972E-46C7CBFFA4AA}.Release|Any CPU.ActiveCfg = Release|Any CPU
		{BB6D9432-FD6F-4927-972E-46C7CBFFA4AA}.Release|Any CPU.Build.0 = Release|Any CPU
		{31FC408D-B1A9-43DE-83FF-088E3D7DD251}.Debug|Any CPU.ActiveCfg = Debug|Any CPU
		{31FC408D-B1A9-43DE-83FF-088E3D7DD251}.Debug|Any CPU.Build.0 = Debug|Any CPU
		{31FC408D-B1A9-43DE-83FF-088E3D7DD251}.Release|Any CPU.ActiveCfg = Release|Any CPU
		{31FC408D-B1A9-43DE-83FF-088E3D7DD251}.Release|Any CPU.Build.0 = Release|Any CPU
		{5D97AB16-609C-4439-85C0-9581AFE672E8}.Debug|Any CPU.ActiveCfg = Debug|Any CPU
		{5D97AB16-609C-4439-85C0-9581AFE672E8}.Debug|Any CPU.Build.0 = Debug|Any CPU
		{5D97AB16-609C-4439-85C0-9581AFE672E8}.Release|Any CPU.ActiveCfg = Release|Any CPU
		{5D97AB16-609C-4439-85C0-9581AFE672E8}.Release|Any CPU.Build.0 = Release|Any CPU
		{D74A1AD0-1809-4D99-822B-A89D91059EC2}.Debug|Any CPU.ActiveCfg = Debug|Any CPU
		{D74A1AD0-1809-4D99-822B-A89D91059EC2}.Debug|Any CPU.Build.0 = Debug|Any CPU
		{D74A1AD0-1809-4D99-822B-A89D91059EC2}.Release|Any CPU.ActiveCfg = Release|Any CPU
		{D74A1AD0-1809-4D99-822B-A89D91059EC2}.Release|Any CPU.Build.0 = Release|Any CPU
		{585D438C-1D49-446D-8C93-515998C66691}.Debug|Any CPU.ActiveCfg = Debug|Any CPU
		{585D438C-1D49-446D-8C93-515998C66691}.Debug|Any CPU.Build.0 = Debug|Any CPU
		{585D438C-1D49-446D-8C93-515998C66691}.Release|Any CPU.ActiveCfg = Release|Any CPU
		{585D438C-1D49-446D-8C93-515998C66691}.Release|Any CPU.Build.0 = Release|Any CPU
		{16730CBE-7611-4069-9472-11EFF939BA6F}.Debug|Any CPU.ActiveCfg = Debug|Any CPU
		{16730CBE-7611-4069-9472-11EFF939BA6F}.Debug|Any CPU.Build.0 = Debug|Any CPU
		{16730CBE-7611-4069-9472-11EFF939BA6F}.Release|Any CPU.ActiveCfg = Release|Any CPU
		{16730CBE-7611-4069-9472-11EFF939BA6F}.Release|Any CPU.Build.0 = Release|Any CPU
		{5F3FE546-BD66-4714-AAFF-E61204031377}.Debug|Any CPU.ActiveCfg = Debug|Any CPU
		{5F3FE546-BD66-4714-AAFF-E61204031377}.Debug|Any CPU.Build.0 = Debug|Any CPU
		{5F3FE546-BD66-4714-AAFF-E61204031377}.Release|Any CPU.ActiveCfg = Release|Any CPU
		{5F3FE546-BD66-4714-AAFF-E61204031377}.Release|Any CPU.Build.0 = Release|Any CPU
		{16FFD935-3855-4AA0-90B1-B583C9DBAF77}.Debug|Any CPU.ActiveCfg = Debug|Any CPU
		{16FFD935-3855-4AA0-90B1-B583C9DBAF77}.Debug|Any CPU.Build.0 = Debug|Any CPU
		{16FFD935-3855-4AA0-90B1-B583C9DBAF77}.Release|Any CPU.ActiveCfg = Release|Any CPU
		{16FFD935-3855-4AA0-90B1-B583C9DBAF77}.Release|Any CPU.Build.0 = Release|Any CPU
		{9EC6CB57-DFC5-4C27-94B7-F471B621A340}.Debug|Any CPU.ActiveCfg = Debug|Any CPU
		{9EC6CB57-DFC5-4C27-94B7-F471B621A340}.Debug|Any CPU.Build.0 = Debug|Any CPU
		{9EC6CB57-DFC5-4C27-94B7-F471B621A340}.Release|Any CPU.ActiveCfg = Release|Any CPU
		{9EC6CB57-DFC5-4C27-94B7-F471B621A340}.Release|Any CPU.Build.0 = Release|Any CPU
		{F53D1500-0212-471B-AE5D-C172C9D2EFFF}.Debug|Any CPU.ActiveCfg = Debug|Any CPU
		{F53D1500-0212-471B-AE5D-C172C9D2EFFF}.Debug|Any CPU.Build.0 = Debug|Any CPU
		{F53D1500-0212-471B-AE5D-C172C9D2EFFF}.Release|Any CPU.ActiveCfg = Release|Any CPU
		{F53D1500-0212-471B-AE5D-C172C9D2EFFF}.Release|Any CPU.Build.0 = Release|Any CPU
		{7D4783DA-F161-4080-A9F5-CBA00D061D57}.Debug|Any CPU.ActiveCfg = Debug|Any CPU
		{7D4783DA-F161-4080-A9F5-CBA00D061D57}.Debug|Any CPU.Build.0 = Debug|Any CPU
		{7D4783DA-F161-4080-A9F5-CBA00D061D57}.Release|Any CPU.ActiveCfg = Release|Any CPU
		{7D4783DA-F161-4080-A9F5-CBA00D061D57}.Release|Any CPU.Build.0 = Release|Any CPU
		{08FE3D3F-4CFB-4C1C-9548-386260E34AC5}.Debug|Any CPU.ActiveCfg = Debug|Any CPU
		{08FE3D3F-4CFB-4C1C-9548-386260E34AC5}.Debug|Any CPU.Build.0 = Debug|Any CPU
		{08FE3D3F-4CFB-4C1C-9548-386260E34AC5}.Release|Any CPU.ActiveCfg = Release|Any CPU
		{08FE3D3F-4CFB-4C1C-9548-386260E34AC5}.Release|Any CPU.Build.0 = Release|Any CPU
		{56D4FADF-49F4-4A7E-B332-B89E3872106A}.Debug|Any CPU.ActiveCfg = Debug|Any CPU
		{56D4FADF-49F4-4A7E-B332-B89E3872106A}.Debug|Any CPU.Build.0 = Debug|Any CPU
		{56D4FADF-49F4-4A7E-B332-B89E3872106A}.Release|Any CPU.ActiveCfg = Release|Any CPU
		{56D4FADF-49F4-4A7E-B332-B89E3872106A}.Release|Any CPU.Build.0 = Release|Any CPU
		{D9C20146-BB73-44A7-A317-477A39FBB30B}.Debug|Any CPU.ActiveCfg = Debug|Any CPU
		{D9C20146-BB73-44A7-A317-477A39FBB30B}.Debug|Any CPU.Build.0 = Debug|Any CPU
		{D9C20146-BB73-44A7-A317-477A39FBB30B}.Release|Any CPU.ActiveCfg = Release|Any CPU
		{D9C20146-BB73-44A7-A317-477A39FBB30B}.Release|Any CPU.Build.0 = Release|Any CPU
		{0C890DFC-1AF0-4C43-9A2E-A90CDB087B7C}.Debug|Any CPU.ActiveCfg = Debug|Any CPU
		{0C890DFC-1AF0-4C43-9A2E-A90CDB087B7C}.Debug|Any CPU.Build.0 = Debug|Any CPU
		{0C890DFC-1AF0-4C43-9A2E-A90CDB087B7C}.Release|Any CPU.ActiveCfg = Release|Any CPU
		{0C890DFC-1AF0-4C43-9A2E-A90CDB087B7C}.Release|Any CPU.Build.0 = Release|Any CPU
		{1FE6B822-B292-4638-A0C9-F4E2DE9D2E26}.Debug|Any CPU.ActiveCfg = Debug|Any CPU
		{1FE6B822-B292-4638-A0C9-F4E2DE9D2E26}.Debug|Any CPU.Build.0 = Debug|Any CPU
		{1FE6B822-B292-4638-A0C9-F4E2DE9D2E26}.Release|Any CPU.ActiveCfg = Release|Any CPU
		{1FE6B822-B292-4638-A0C9-F4E2DE9D2E26}.Release|Any CPU.Build.0 = Release|Any CPU
	EndGlobalSection
	GlobalSection(SolutionProperties) = preSolution
		HideSolutionNode = FALSE
	EndGlobalSection
	GlobalSection(NestedProjects) = preSolution
		{3617DAD0-C90D-49EC-B542-4719F70EC9CC} = {C060B655-3247-4113-99E3-968194CEE211}
		{05DB864B-8F9D-4EA0-9ED0-B9207ED7789A} = {C060B655-3247-4113-99E3-968194CEE211}
		{3B180903-F8B2-484F-AD4E-D5D2F591630C} = {C060B655-3247-4113-99E3-968194CEE211}
		{BB6D9432-FD6F-4927-972E-46C7CBFFA4AA} = {C060B655-3247-4113-99E3-968194CEE211}
		{31FC408D-B1A9-43DE-83FF-088E3D7DD251} = {516F4C31-7644-4358-BA2C-B279C8365709}
		{5D97AB16-609C-4439-85C0-9581AFE672E8} = {516F4C31-7644-4358-BA2C-B279C8365709}
		{D74A1AD0-1809-4D99-822B-A89D91059EC2} = {D9DC4AA4-C5DB-46A2-B44D-9E96DBC3815F}
		{585D438C-1D49-446D-8C93-515998C66691} = {2FDF4D11-9072-4050-B2B8-C38EE1311170}
		{16730CBE-7611-4069-9472-11EFF939BA6F} = {2FDF4D11-9072-4050-B2B8-C38EE1311170}
		{5F3FE546-BD66-4714-AAFF-E61204031377} = {2FDF4D11-9072-4050-B2B8-C38EE1311170}
		{16FFD935-3855-4AA0-90B1-B583C9DBAF77} = {2FDF4D11-9072-4050-B2B8-C38EE1311170}
		{9EC6CB57-DFC5-4C27-94B7-F471B621A340} = {25DBDAFA-3253-4667-B3EC-398B1024D274}
		{F53D1500-0212-471B-AE5D-C172C9D2EFFF} = {25DBDAFA-3253-4667-B3EC-398B1024D274}
		{7D4783DA-F161-4080-A9F5-CBA00D061D57} = {D9DC4AA4-C5DB-46A2-B44D-9E96DBC3815F}
		{08FE3D3F-4CFB-4C1C-9548-386260E34AC5} = {516F4C31-7644-4358-BA2C-B279C8365709}
		{56D4FADF-49F4-4A7E-B332-B89E3872106A} = {C060B655-3247-4113-99E3-968194CEE211}
		{D9C20146-BB73-44A7-A317-477A39FBB30B} = {433D7E74-8CA5-4750-BBBB-540E2538D120}
		{0C890DFC-1AF0-4C43-9A2E-A90CDB087B7C} = {2FDF4D11-9072-4050-B2B8-C38EE1311170}
		{1FE6B822-B292-4638-A0C9-F4E2DE9D2E26} = {433D7E74-8CA5-4750-BBBB-540E2538D120}
	EndGlobalSection
	GlobalSection(ExtensibilityGlobals) = postSolution
		SolutionGuid = {84EE091F-739B-4F1D-9AAD-B95C063A0CFC}
	EndGlobalSection
EndGlobal
